// !$*UTF8*$!
{
	archiveVersion = 1;
	classes = {
	};
	objectVersion = 56;
	objects = {

/* Begin PBXBuildFile section */
		F65166C02918E6BD00E362F0 /* AppDelegate.swift in Sources */ = {isa = PBXBuildFile; fileRef = F65166BF2918E6BD00E362F0 /* AppDelegate.swift */; };
		F65166C22918E6BD00E362F0 /* SceneDelegate.swift in Sources */ = {isa = PBXBuildFile; fileRef = F65166C12918E6BD00E362F0 /* SceneDelegate.swift */; };
		F65166C92918E6BE00E362F0 /* Assets.xcassets in Resources */ = {isa = PBXBuildFile; fileRef = F65166C82918E6BE00E362F0 /* Assets.xcassets */; };
		F65166CC2918E6BE00E362F0 /* LaunchScreen.storyboard in Resources */ = {isa = PBXBuildFile; fileRef = F65166CA2918E6BE00E362F0 /* LaunchScreen.storyboard */; };
		F65166DE2918E79D00E362F0 /* NicknameViewModel.swift in Sources */ = {isa = PBXBuildFile; fileRef = F65166DD2918E79D00E362F0 /* NicknameViewModel.swift */; };
		F65166E02918E7A700E362F0 /* NicknameView.swift in Sources */ = {isa = PBXBuildFile; fileRef = F65166DF2918E7A700E362F0 /* NicknameView.swift */; };
		F65166E22918E7AD00E362F0 /* NicknameViewController.swift in Sources */ = {isa = PBXBuildFile; fileRef = F65166E12918E7AD00E362F0 /* NicknameViewController.swift */; };
		F65166E72918E7F100E362F0 /* BaseViewController.swift in Sources */ = {isa = PBXBuildFile; fileRef = F65166E62918E7F100E362F0 /* BaseViewController.swift */; };
		F65166E92918E81100E362F0 /* BaseView.swift in Sources */ = {isa = PBXBuildFile; fileRef = F65166E82918E81100E362F0 /* BaseView.swift */; };
		F65166EE2918EA2400E362F0 /* SnapKit in Frameworks */ = {isa = PBXBuildFile; productRef = F65166ED2918EA2400E362F0 /* SnapKit */; };
		F65166F12918EA6000E362F0 /* RxCocoa in Frameworks */ = {isa = PBXBuildFile; productRef = F65166F02918EA6000E362F0 /* RxCocoa */; };
		F65166F32918EA6000E362F0 /* RxSwift in Frameworks */ = {isa = PBXBuildFile; productRef = F65166F22918EA6000E362F0 /* RxSwift */; };
		F65166F62918EA7F00E362F0 /* Alamofire in Frameworks */ = {isa = PBXBuildFile; productRef = F65166F52918EA7F00E362F0 /* Alamofire */; };
		F65166F82918EB8200E362F0 /* UIViewController+.swift in Sources */ = {isa = PBXBuildFile; fileRef = F65166F72918EB8200E362F0 /* UIViewController+.swift */; };
		F65166FA2918EBA500E362F0 /* UIImageView+.swift in Sources */ = {isa = PBXBuildFile; fileRef = F65166F92918EBA500E362F0 /* UIImageView+.swift */; };
		F65166FD2918ECEB00E362F0 /* BaseCollectionViewCell.swift in Sources */ = {isa = PBXBuildFile; fileRef = F65166FC2918ECEB00E362F0 /* BaseCollectionViewCell.swift */; };
		F65166FF2918ECF300E362F0 /* BaseTableViewCell.swift in Sources */ = {isa = PBXBuildFile; fileRef = F65166FE2918ECF300E362F0 /* BaseTableViewCell.swift */; };
		F65167012918EE6C00E362F0 /* SplashViewController.swift in Sources */ = {isa = PBXBuildFile; fileRef = F65167002918EE6C00E362F0 /* SplashViewController.swift */; };
		F65167032918EE9800E362F0 /* NicknameModel.swift in Sources */ = {isa = PBXBuildFile; fileRef = F65167022918EE9800E362F0 /* NicknameModel.swift */; };
		F65167052918EF0400E362F0 /* OnboardViewController.swift in Sources */ = {isa = PBXBuildFile; fileRef = F65167042918EF0400E362F0 /* OnboardViewController.swift */; };
		F65167092918EF4400E362F0 /* SplashView.swift in Sources */ = {isa = PBXBuildFile; fileRef = F65167082918EF4400E362F0 /* SplashView.swift */; };
		F65167152918F24600E362F0 /* AuthViewModel.swift in Sources */ = {isa = PBXBuildFile; fileRef = F65167142918F24600E362F0 /* AuthViewModel.swift */; };
		F65167172918F24D00E362F0 /* AuthView.swift in Sources */ = {isa = PBXBuildFile; fileRef = F65167162918F24D00E362F0 /* AuthView.swift */; };
		F65167192918F25300E362F0 /* AuthViewController.swift in Sources */ = {isa = PBXBuildFile; fileRef = F65167182918F25300E362F0 /* AuthViewController.swift */; };
		F651671B2918F3DF00E362F0 /* Color.swift in Sources */ = {isa = PBXBuildFile; fileRef = F651671A2918F3DF00E362F0 /* Color.swift */; };
		F651671D2919032800E362F0 /* Icon.swift in Sources */ = {isa = PBXBuildFile; fileRef = F651671C2919032800E362F0 /* Icon.swift */; };
		F65167212919077F00E362F0 /* NotoSansKR-Medium.otf in Resources */ = {isa = PBXBuildFile; fileRef = F651671F2919077F00E362F0 /* NotoSansKR-Medium.otf */; };
		F65167222919077F00E362F0 /* NotoSansKR-Regular.otf in Resources */ = {isa = PBXBuildFile; fileRef = F65167202919077F00E362F0 /* NotoSansKR-Regular.otf */; };
		F65167242919083300E362F0 /* Font.swift in Sources */ = {isa = PBXBuildFile; fileRef = F65167232919083300E362F0 /* Font.swift */; };
		F651672729190DD800E362F0 /* Then in Frameworks */ = {isa = PBXBuildFile; productRef = F651672629190DD800E362F0 /* Then */; };
		F651672C291926F800E362F0 /* FirstPageViewController.swift in Sources */ = {isa = PBXBuildFile; fileRef = F651672B291926F800E362F0 /* FirstPageViewController.swift */; };
		F651672E2919270300E362F0 /* SecondPageViewController.swift in Sources */ = {isa = PBXBuildFile; fileRef = F651672D2919270300E362F0 /* SecondPageViewController.swift */; };
		F65167302919270A00E362F0 /* ThirdPageViewController.swift in Sources */ = {isa = PBXBuildFile; fileRef = F651672F2919270A00E362F0 /* ThirdPageViewController.swift */; };
		F6516732291968A100E362F0 /* Matrix.swift in Sources */ = {isa = PBXBuildFile; fileRef = F6516731291968A100E362F0 /* Matrix.swift */; };
		F65167342919854700E362F0 /* UILabel+.swift in Sources */ = {isa = PBXBuildFile; fileRef = F65167332919854700E362F0 /* UILabel+.swift */; };
		F651673A291A735800E362F0 /* AuthDetailView.swift in Sources */ = {isa = PBXBuildFile; fileRef = F6516739291A735800E362F0 /* AuthDetailView.swift */; };
		F651673C291A736400E362F0 /* AuthDetailViewController.swift in Sources */ = {isa = PBXBuildFile; fileRef = F651673B291A736400E362F0 /* AuthDetailViewController.swift */; };
		F651673E291A737000E362F0 /* AuthDetailViewModel.swift in Sources */ = {isa = PBXBuildFile; fileRef = F651673D291A737000E362F0 /* AuthDetailViewModel.swift */; };
		F651674B291A74B800E362F0 /* BirthView.swift in Sources */ = {isa = PBXBuildFile; fileRef = F651674A291A74B800E362F0 /* BirthView.swift */; };
		F651674D291A74C400E362F0 /* BirthViewController.swift in Sources */ = {isa = PBXBuildFile; fileRef = F651674C291A74C400E362F0 /* BirthViewController.swift */; };
		F651674F291A74CC00E362F0 /* BirthViewModel.swift in Sources */ = {isa = PBXBuildFile; fileRef = F651674E291A74CC00E362F0 /* BirthViewModel.swift */; };
		F6516751291A74D300E362F0 /* EmailView.swift in Sources */ = {isa = PBXBuildFile; fileRef = F6516750291A74D300E362F0 /* EmailView.swift */; };
		F6516753291A74D900E362F0 /* EmailViewController.swift in Sources */ = {isa = PBXBuildFile; fileRef = F6516752291A74D900E362F0 /* EmailViewController.swift */; };
		F6516755291A74E000E362F0 /* EmailViewModel.swift in Sources */ = {isa = PBXBuildFile; fileRef = F6516754291A74E000E362F0 /* EmailViewModel.swift */; };
		F6516757291A74E700E362F0 /* GenderView.swift in Sources */ = {isa = PBXBuildFile; fileRef = F6516756291A74E700E362F0 /* GenderView.swift */; };
		F6516759291A74ED00E362F0 /* GenderViewController.swift in Sources */ = {isa = PBXBuildFile; fileRef = F6516758291A74ED00E362F0 /* GenderViewController.swift */; };
		F651675B291A74F300E362F0 /* GenderViewModel.swift in Sources */ = {isa = PBXBuildFile; fileRef = F651675A291A74F300E362F0 /* GenderViewModel.swift */; };
		F651675D291A771A00E362F0 /* SeSACButton.swift in Sources */ = {isa = PBXBuildFile; fileRef = F651675C291A771A00E362F0 /* SeSACButton.swift */; };
		F651675F291A7DAF00E362F0 /* UIFont+.swift in Sources */ = {isa = PBXBuildFile; fileRef = F651675E291A7DAF00E362F0 /* UIFont+.swift */; };
		F6516761291A908800E362F0 /* SeSACTextFIeld.swift in Sources */ = {isa = PBXBuildFile; fileRef = F6516760291A908800E362F0 /* SeSACTextFIeld.swift */; };
		F6516763291ABA6F00E362F0 /* UITextField+.swift in Sources */ = {isa = PBXBuildFile; fileRef = F6516762291ABA6F00E362F0 /* UITextField+.swift */; };
		F6516765291ABEA700E362F0 /* Protocol.swift in Sources */ = {isa = PBXBuildFile; fileRef = F6516764291ABEA700E362F0 /* Protocol.swift */; };
		F6516768291BEEFC00E362F0 /* GenderCollectionViewCell.swift in Sources */ = {isa = PBXBuildFile; fileRef = F6516767291BEEFC00E362F0 /* GenderCollectionViewCell.swift */; };
		F651676A291BEFF300E362F0 /* Cell+.swift in Sources */ = {isa = PBXBuildFile; fileRef = F6516769291BEFF300E362F0 /* Cell+.swift */; };
		F651676D291C228E00E362F0 /* GenderModel.swift in Sources */ = {isa = PBXBuildFile; fileRef = F651676C291C228E00E362F0 /* GenderModel.swift */; };
		F651676F291D785700E362F0 /* Date+.swift in Sources */ = {isa = PBXBuildFile; fileRef = F651676E291D785700E362F0 /* Date+.swift */; };
		F6B59EBB2928D75A00A2470A /* CustomAnnotationView.swift in Sources */ = {isa = PBXBuildFile; fileRef = F6B59EBA2928D75A00A2470A /* CustomAnnotationView.swift */; };
		F6B59EBD2928EBB800A2470A /* MyQueueState.swift in Sources */ = {isa = PBXBuildFile; fileRef = F6B59EBC2928EBB800A2470A /* MyQueueState.swift */; };
		F6C7DE73292281FF00DA622D /* TabbarViewController.swift in Sources */ = {isa = PBXBuildFile; fileRef = F6C7DE72292281FF00DA622D /* TabbarViewController.swift */; };
		F6C7DE7F292282E000DA622D /* HomeView.swift in Sources */ = {isa = PBXBuildFile; fileRef = F6C7DE7E292282E000DA622D /* HomeView.swift */; };
		F6C7DE81292282E600DA622D /* HomeViewController.swift in Sources */ = {isa = PBXBuildFile; fileRef = F6C7DE80292282E600DA622D /* HomeViewController.swift */; };
		F6C7DE83292282ED00DA622D /* HomeViewModel.swift in Sources */ = {isa = PBXBuildFile; fileRef = F6C7DE82292282ED00DA622D /* HomeViewModel.swift */; };
		F6C7DE85292282F700DA622D /* SearchView.swift in Sources */ = {isa = PBXBuildFile; fileRef = F6C7DE84292282F700DA622D /* SearchView.swift */; };
		F6C7DE87292282FD00DA622D /* SearchViewController.swift in Sources */ = {isa = PBXBuildFile; fileRef = F6C7DE86292282FD00DA622D /* SearchViewController.swift */; };
		F6C7DE892922830300DA622D /* SearchViewModel.swift in Sources */ = {isa = PBXBuildFile; fileRef = F6C7DE882922830300DA622D /* SearchViewModel.swift */; };
		F6C7DE8B2922830800DA622D /* ShopView.swift in Sources */ = {isa = PBXBuildFile; fileRef = F6C7DE8A2922830800DA622D /* ShopView.swift */; };
		F6C7DE8D2922830E00DA622D /* ShopViewController.swift in Sources */ = {isa = PBXBuildFile; fileRef = F6C7DE8C2922830E00DA622D /* ShopViewController.swift */; };
		F6C7DE8F2922831500DA622D /* ShopViewModel.swift in Sources */ = {isa = PBXBuildFile; fileRef = F6C7DE8E2922831500DA622D /* ShopViewModel.swift */; };
		F6C7DE912922831E00DA622D /* FriendsView.swift in Sources */ = {isa = PBXBuildFile; fileRef = F6C7DE902922831E00DA622D /* FriendsView.swift */; };
		F6C7DE932922832800DA622D /* FriendsViewController.swift in Sources */ = {isa = PBXBuildFile; fileRef = F6C7DE922922832800DA622D /* FriendsViewController.swift */; };
		F6C7DE952922833000DA622D /* FriensViewModel.swift in Sources */ = {isa = PBXBuildFile; fileRef = F6C7DE942922833000DA622D /* FriensViewModel.swift */; };
		F6C7DE972922833500DA622D /* MyProfileSettingView.swift in Sources */ = {isa = PBXBuildFile; fileRef = F6C7DE962922833500DA622D /* MyProfileSettingView.swift */; };
		F6C7DE992922833C00DA622D /* MyProfileSettingViewController.swift in Sources */ = {isa = PBXBuildFile; fileRef = F6C7DE982922833C00DA622D /* MyProfileSettingViewController.swift */; };
		F6C7DE9B2922834300DA622D /* MyProfileSettingViewModel.swift in Sources */ = {isa = PBXBuildFile; fileRef = F6C7DE9A2922834300DA622D /* MyProfileSettingViewModel.swift */; };
		F6C7DE9E292288C700DA622D /* ProfileImageTableViewCell.swift in Sources */ = {isa = PBXBuildFile; fileRef = F6C7DE9D292288C700DA622D /* ProfileImageTableViewCell.swift */; };
		F6C7DEA02922893600DA622D /* ProfileNickNameTableViewCell.swift in Sources */ = {isa = PBXBuildFile; fileRef = F6C7DE9F2922893600DA622D /* ProfileNickNameTableViewCell.swift */; };
		F6C7DEA42922895600DA622D /* ProfileReviewTableViewCell.swift in Sources */ = {isa = PBXBuildFile; fileRef = F6C7DEA32922895600DA622D /* ProfileReviewTableViewCell.swift */; };
		F6C7DEA729228F2200DA622D /* MyProfileSettingModel.swift in Sources */ = {isa = PBXBuildFile; fileRef = F6C7DEA629228F2200DA622D /* MyProfileSettingModel.swift */; };
		F6C7DEAA2922B37000DA622D /* ProfileCardView.swift in Sources */ = {isa = PBXBuildFile; fileRef = F6C7DEA92922B37000DA622D /* ProfileCardView.swift */; };
		F6C7DEAC2922BDC500DA622D /* NicknameReusableView.swift in Sources */ = {isa = PBXBuildFile; fileRef = F6C7DEAB2922BDC500DA622D /* NicknameReusableView.swift */; };
		F6C7DEAE2922BDD800DA622D /* SeSACTitleReusableView.swift in Sources */ = {isa = PBXBuildFile; fileRef = F6C7DEAD2922BDD800DA622D /* SeSACTitleReusableView.swift */; };
		F6C7DEB02922BF8C00DA622D /* SeSACReviewReusableView.swift in Sources */ = {isa = PBXBuildFile; fileRef = F6C7DEAF2922BF8C00DA622D /* SeSACReviewReusableView.swift */; };
		F6C7DEB32923B22400DA622D /* DoubleSlider in Frameworks */ = {isa = PBXBuildFile; productRef = F6C7DEB22923B22400DA622D /* DoubleSlider */; };
		F6C7DEB52923B70900DA622D /* ProfileUnregisterTableViewCell.swift in Sources */ = {isa = PBXBuildFile; fileRef = F6C7DEB42923B70900DA622D /* ProfileUnregisterTableViewCell.swift */; };
		F6C7DEBD2923C6EB00DA622D /* MySettingViewModel.swift in Sources */ = {isa = PBXBuildFile; fileRef = F6C7DEBC2923C6EB00DA622D /* MySettingViewModel.swift */; };
		F6C7DEBF2923C6F400DA622D /* MySettingView.swift in Sources */ = {isa = PBXBuildFile; fileRef = F6C7DEBE2923C6F400DA622D /* MySettingView.swift */; };
		F6C7DEC12923C6FA00DA622D /* MySettingViewController.swift in Sources */ = {isa = PBXBuildFile; fileRef = F6C7DEC02923C6FA00DA622D /* MySettingViewController.swift */; };
		F6C7DEC32923C70000DA622D /* MySettingModel.swift in Sources */ = {isa = PBXBuildFile; fileRef = F6C7DEC22923C70000DA622D /* MySettingModel.swift */; };
		F6C7DEC62923CA1C00DA622D /* MultiSlider in Frameworks */ = {isa = PBXBuildFile; productRef = F6C7DEC52923CA1C00DA622D /* MultiSlider */; };
		F6C7DEC82923E1DA00DA622D /* MyProfileCell.swift in Sources */ = {isa = PBXBuildFile; fileRef = F6C7DEC72923E1DA00DA622D /* MyProfileCell.swift */; };
		F6C7DECA2923E1E900DA622D /* MySettingCell.swift in Sources */ = {isa = PBXBuildFile; fileRef = F6C7DEC92923E1E900DA622D /* MySettingCell.swift */; };
		F6C7DECD2924037800DA622D /* BasePopupViewController.swift in Sources */ = {isa = PBXBuildFile; fileRef = F6C7DECC2924037800DA622D /* BasePopupViewController.swift */; };
		F6C7DED12926C8C100DA622D /* Toast in Frameworks */ = {isa = PBXBuildFile; productRef = F6C7DED02926C8C100DA622D /* Toast */; };
		F6C7DED329280B5500DA622D /* SearchModel.swift in Sources */ = {isa = PBXBuildFile; fileRef = F6C7DED229280B5500DA622D /* SearchModel.swift */; };
		F6EEEDDE291EA08400C8969B /* FirebaseAnalyticsWithoutAdIdSupport in Frameworks */ = {isa = PBXBuildFile; productRef = F6EEEDDD291EA08400C8969B /* FirebaseAnalyticsWithoutAdIdSupport */; };
		F6EEEDE0291EA08400C8969B /* FirebaseAuth in Frameworks */ = {isa = PBXBuildFile; productRef = F6EEEDDF291EA08400C8969B /* FirebaseAuth */; };
		F6EEEDE2291EB2E700C8969B /* EndPoint.swift in Sources */ = {isa = PBXBuildFile; fileRef = F6EEEDE1291EB2E700C8969B /* EndPoint.swift */; };
		F6EEEDE5291EB35800C8969B /* SeSACRouter.swift in Sources */ = {isa = PBXBuildFile; fileRef = F6EEEDE4291EB35800C8969B /* SeSACRouter.swift */; };
		F6EEEDE7291EB39400C8969B /* APIManager.swift in Sources */ = {isa = PBXBuildFile; fileRef = F6EEEDE6291EB39400C8969B /* APIManager.swift */; };
		F6EEEDE9291F713E00C8969B /* NetworkError.swift in Sources */ = {isa = PBXBuildFile; fileRef = F6EEEDE8291F713E00C8969B /* NetworkError.swift */; };
		F6EEEDEB291F848D00C8969B /* GoogleService-Info.plist in Resources */ = {isa = PBXBuildFile; fileRef = F6EEEDEA291F848D00C8969B /* GoogleService-Info.plist */; };
		F6EEEDEE29200A1900C8969B /* LoginModel.swift in Sources */ = {isa = PBXBuildFile; fileRef = F6EEEDED29200A1900C8969B /* LoginModel.swift */; };
		F6EEEDF029200A7000C8969B /* SignUpModel.swift in Sources */ = {isa = PBXBuildFile; fileRef = F6EEEDEF29200A7000C8969B /* SignUpModel.swift */; };
/* End PBXBuildFile section */

/* Begin PBXFileReference section */
		F65166BC2918E6BD00E362F0 /* SeSAC Service Level Project.app */ = {isa = PBXFileReference; explicitFileType = wrapper.application; includeInIndex = 0; path = "SeSAC Service Level Project.app"; sourceTree = BUILT_PRODUCTS_DIR; };
		F65166BF2918E6BD00E362F0 /* AppDelegate.swift */ = {isa = PBXFileReference; lastKnownFileType = sourcecode.swift; path = AppDelegate.swift; sourceTree = "<group>"; };
		F65166C12918E6BD00E362F0 /* SceneDelegate.swift */ = {isa = PBXFileReference; lastKnownFileType = sourcecode.swift; path = SceneDelegate.swift; sourceTree = "<group>"; };
		F65166C82918E6BE00E362F0 /* Assets.xcassets */ = {isa = PBXFileReference; lastKnownFileType = folder.assetcatalog; path = Assets.xcassets; sourceTree = "<group>"; };
		F65166CB2918E6BE00E362F0 /* Base */ = {isa = PBXFileReference; lastKnownFileType = file.storyboard; name = Base; path = Base.lproj/LaunchScreen.storyboard; sourceTree = "<group>"; };
		F65166CD2918E6BE00E362F0 /* Info.plist */ = {isa = PBXFileReference; lastKnownFileType = text.plist.xml; path = Info.plist; sourceTree = "<group>"; };
		F65166DD2918E79D00E362F0 /* NicknameViewModel.swift */ = {isa = PBXFileReference; lastKnownFileType = sourcecode.swift; path = NicknameViewModel.swift; sourceTree = "<group>"; };
		F65166DF2918E7A700E362F0 /* NicknameView.swift */ = {isa = PBXFileReference; lastKnownFileType = sourcecode.swift; path = NicknameView.swift; sourceTree = "<group>"; };
		F65166E12918E7AD00E362F0 /* NicknameViewController.swift */ = {isa = PBXFileReference; lastKnownFileType = sourcecode.swift; path = NicknameViewController.swift; sourceTree = "<group>"; };
		F65166E62918E7F100E362F0 /* BaseViewController.swift */ = {isa = PBXFileReference; lastKnownFileType = sourcecode.swift; path = BaseViewController.swift; sourceTree = "<group>"; };
		F65166E82918E81100E362F0 /* BaseView.swift */ = {isa = PBXFileReference; lastKnownFileType = sourcecode.swift; path = BaseView.swift; sourceTree = "<group>"; };
		F65166F72918EB8200E362F0 /* UIViewController+.swift */ = {isa = PBXFileReference; lastKnownFileType = sourcecode.swift; path = "UIViewController+.swift"; sourceTree = "<group>"; };
		F65166F92918EBA500E362F0 /* UIImageView+.swift */ = {isa = PBXFileReference; lastKnownFileType = sourcecode.swift; path = "UIImageView+.swift"; sourceTree = "<group>"; };
		F65166FC2918ECEB00E362F0 /* BaseCollectionViewCell.swift */ = {isa = PBXFileReference; lastKnownFileType = sourcecode.swift; path = BaseCollectionViewCell.swift; sourceTree = "<group>"; };
		F65166FE2918ECF300E362F0 /* BaseTableViewCell.swift */ = {isa = PBXFileReference; lastKnownFileType = sourcecode.swift; path = BaseTableViewCell.swift; sourceTree = "<group>"; };
		F65167002918EE6C00E362F0 /* SplashViewController.swift */ = {isa = PBXFileReference; lastKnownFileType = sourcecode.swift; path = SplashViewController.swift; sourceTree = "<group>"; };
		F65167022918EE9800E362F0 /* NicknameModel.swift */ = {isa = PBXFileReference; lastKnownFileType = sourcecode.swift; path = NicknameModel.swift; sourceTree = "<group>"; };
		F65167042918EF0400E362F0 /* OnboardViewController.swift */ = {isa = PBXFileReference; lastKnownFileType = sourcecode.swift; path = OnboardViewController.swift; sourceTree = "<group>"; };
		F65167082918EF4400E362F0 /* SplashView.swift */ = {isa = PBXFileReference; lastKnownFileType = sourcecode.swift; path = SplashView.swift; sourceTree = "<group>"; };
		F65167142918F24600E362F0 /* AuthViewModel.swift */ = {isa = PBXFileReference; lastKnownFileType = sourcecode.swift; path = AuthViewModel.swift; sourceTree = "<group>"; };
		F65167162918F24D00E362F0 /* AuthView.swift */ = {isa = PBXFileReference; lastKnownFileType = sourcecode.swift; path = AuthView.swift; sourceTree = "<group>"; };
		F65167182918F25300E362F0 /* AuthViewController.swift */ = {isa = PBXFileReference; lastKnownFileType = sourcecode.swift; path = AuthViewController.swift; sourceTree = "<group>"; };
		F651671A2918F3DF00E362F0 /* Color.swift */ = {isa = PBXFileReference; lastKnownFileType = sourcecode.swift; path = Color.swift; sourceTree = "<group>"; };
		F651671C2919032800E362F0 /* Icon.swift */ = {isa = PBXFileReference; lastKnownFileType = sourcecode.swift; path = Icon.swift; sourceTree = "<group>"; };
		F651671F2919077F00E362F0 /* NotoSansKR-Medium.otf */ = {isa = PBXFileReference; lastKnownFileType = file; path = "NotoSansKR-Medium.otf"; sourceTree = "<group>"; };
		F65167202919077F00E362F0 /* NotoSansKR-Regular.otf */ = {isa = PBXFileReference; lastKnownFileType = file; path = "NotoSansKR-Regular.otf"; sourceTree = "<group>"; };
		F65167232919083300E362F0 /* Font.swift */ = {isa = PBXFileReference; lastKnownFileType = sourcecode.swift; path = Font.swift; sourceTree = "<group>"; };
		F651672B291926F800E362F0 /* FirstPageViewController.swift */ = {isa = PBXFileReference; lastKnownFileType = sourcecode.swift; path = FirstPageViewController.swift; sourceTree = "<group>"; };
		F651672D2919270300E362F0 /* SecondPageViewController.swift */ = {isa = PBXFileReference; lastKnownFileType = sourcecode.swift; path = SecondPageViewController.swift; sourceTree = "<group>"; };
		F651672F2919270A00E362F0 /* ThirdPageViewController.swift */ = {isa = PBXFileReference; lastKnownFileType = sourcecode.swift; path = ThirdPageViewController.swift; sourceTree = "<group>"; };
		F6516731291968A100E362F0 /* Matrix.swift */ = {isa = PBXFileReference; lastKnownFileType = sourcecode.swift; path = Matrix.swift; sourceTree = "<group>"; };
		F65167332919854700E362F0 /* UILabel+.swift */ = {isa = PBXFileReference; lastKnownFileType = sourcecode.swift; path = "UILabel+.swift"; sourceTree = "<group>"; };
		F6516739291A735800E362F0 /* AuthDetailView.swift */ = {isa = PBXFileReference; lastKnownFileType = sourcecode.swift; path = AuthDetailView.swift; sourceTree = "<group>"; };
		F651673B291A736400E362F0 /* AuthDetailViewController.swift */ = {isa = PBXFileReference; lastKnownFileType = sourcecode.swift; path = AuthDetailViewController.swift; sourceTree = "<group>"; };
		F651673D291A737000E362F0 /* AuthDetailViewModel.swift */ = {isa = PBXFileReference; lastKnownFileType = sourcecode.swift; path = AuthDetailViewModel.swift; sourceTree = "<group>"; };
		F651674A291A74B800E362F0 /* BirthView.swift */ = {isa = PBXFileReference; lastKnownFileType = sourcecode.swift; path = BirthView.swift; sourceTree = "<group>"; };
		F651674C291A74C400E362F0 /* BirthViewController.swift */ = {isa = PBXFileReference; lastKnownFileType = sourcecode.swift; path = BirthViewController.swift; sourceTree = "<group>"; };
		F651674E291A74CC00E362F0 /* BirthViewModel.swift */ = {isa = PBXFileReference; lastKnownFileType = sourcecode.swift; path = BirthViewModel.swift; sourceTree = "<group>"; };
		F6516750291A74D300E362F0 /* EmailView.swift */ = {isa = PBXFileReference; lastKnownFileType = sourcecode.swift; path = EmailView.swift; sourceTree = "<group>"; };
		F6516752291A74D900E362F0 /* EmailViewController.swift */ = {isa = PBXFileReference; lastKnownFileType = sourcecode.swift; path = EmailViewController.swift; sourceTree = "<group>"; };
		F6516754291A74E000E362F0 /* EmailViewModel.swift */ = {isa = PBXFileReference; lastKnownFileType = sourcecode.swift; path = EmailViewModel.swift; sourceTree = "<group>"; };
		F6516756291A74E700E362F0 /* GenderView.swift */ = {isa = PBXFileReference; lastKnownFileType = sourcecode.swift; path = GenderView.swift; sourceTree = "<group>"; };
		F6516758291A74ED00E362F0 /* GenderViewController.swift */ = {isa = PBXFileReference; lastKnownFileType = sourcecode.swift; path = GenderViewController.swift; sourceTree = "<group>"; };
		F651675A291A74F300E362F0 /* GenderViewModel.swift */ = {isa = PBXFileReference; lastKnownFileType = sourcecode.swift; path = GenderViewModel.swift; sourceTree = "<group>"; };
		F651675C291A771A00E362F0 /* SeSACButton.swift */ = {isa = PBXFileReference; lastKnownFileType = sourcecode.swift; path = SeSACButton.swift; sourceTree = "<group>"; };
		F651675E291A7DAF00E362F0 /* UIFont+.swift */ = {isa = PBXFileReference; lastKnownFileType = sourcecode.swift; path = "UIFont+.swift"; sourceTree = "<group>"; };
		F6516760291A908800E362F0 /* SeSACTextFIeld.swift */ = {isa = PBXFileReference; lastKnownFileType = sourcecode.swift; path = SeSACTextFIeld.swift; sourceTree = "<group>"; };
		F6516762291ABA6F00E362F0 /* UITextField+.swift */ = {isa = PBXFileReference; lastKnownFileType = sourcecode.swift; path = "UITextField+.swift"; sourceTree = "<group>"; };
		F6516764291ABEA700E362F0 /* Protocol.swift */ = {isa = PBXFileReference; lastKnownFileType = sourcecode.swift; path = Protocol.swift; sourceTree = "<group>"; };
		F6516767291BEEFC00E362F0 /* GenderCollectionViewCell.swift */ = {isa = PBXFileReference; lastKnownFileType = sourcecode.swift; path = GenderCollectionViewCell.swift; sourceTree = "<group>"; };
		F6516769291BEFF300E362F0 /* Cell+.swift */ = {isa = PBXFileReference; lastKnownFileType = sourcecode.swift; path = "Cell+.swift"; sourceTree = "<group>"; };
		F651676C291C228E00E362F0 /* GenderModel.swift */ = {isa = PBXFileReference; lastKnownFileType = sourcecode.swift; path = GenderModel.swift; sourceTree = "<group>"; };
		F651676E291D785700E362F0 /* Date+.swift */ = {isa = PBXFileReference; lastKnownFileType = sourcecode.swift; path = "Date+.swift"; sourceTree = "<group>"; };
		F6B59EBA2928D75A00A2470A /* CustomAnnotationView.swift */ = {isa = PBXFileReference; lastKnownFileType = sourcecode.swift; path = CustomAnnotationView.swift; sourceTree = "<group>"; };
		F6B59EBC2928EBB800A2470A /* MyQueueState.swift */ = {isa = PBXFileReference; lastKnownFileType = sourcecode.swift; path = MyQueueState.swift; sourceTree = "<group>"; };
		F6C7DE72292281FF00DA622D /* TabbarViewController.swift */ = {isa = PBXFileReference; lastKnownFileType = sourcecode.swift; path = TabbarViewController.swift; sourceTree = "<group>"; };
		F6C7DE7E292282E000DA622D /* HomeView.swift */ = {isa = PBXFileReference; lastKnownFileType = sourcecode.swift; path = HomeView.swift; sourceTree = "<group>"; };
		F6C7DE80292282E600DA622D /* HomeViewController.swift */ = {isa = PBXFileReference; lastKnownFileType = sourcecode.swift; path = HomeViewController.swift; sourceTree = "<group>"; };
		F6C7DE82292282ED00DA622D /* HomeViewModel.swift */ = {isa = PBXFileReference; lastKnownFileType = sourcecode.swift; path = HomeViewModel.swift; sourceTree = "<group>"; };
		F6C7DE84292282F700DA622D /* SearchView.swift */ = {isa = PBXFileReference; lastKnownFileType = sourcecode.swift; path = SearchView.swift; sourceTree = "<group>"; };
		F6C7DE86292282FD00DA622D /* SearchViewController.swift */ = {isa = PBXFileReference; lastKnownFileType = sourcecode.swift; path = SearchViewController.swift; sourceTree = "<group>"; };
		F6C7DE882922830300DA622D /* SearchViewModel.swift */ = {isa = PBXFileReference; lastKnownFileType = sourcecode.swift; path = SearchViewModel.swift; sourceTree = "<group>"; };
		F6C7DE8A2922830800DA622D /* ShopView.swift */ = {isa = PBXFileReference; lastKnownFileType = sourcecode.swift; path = ShopView.swift; sourceTree = "<group>"; };
		F6C7DE8C2922830E00DA622D /* ShopViewController.swift */ = {isa = PBXFileReference; lastKnownFileType = sourcecode.swift; path = ShopViewController.swift; sourceTree = "<group>"; };
		F6C7DE8E2922831500DA622D /* ShopViewModel.swift */ = {isa = PBXFileReference; lastKnownFileType = sourcecode.swift; path = ShopViewModel.swift; sourceTree = "<group>"; };
		F6C7DE902922831E00DA622D /* FriendsView.swift */ = {isa = PBXFileReference; lastKnownFileType = sourcecode.swift; path = FriendsView.swift; sourceTree = "<group>"; };
		F6C7DE922922832800DA622D /* FriendsViewController.swift */ = {isa = PBXFileReference; lastKnownFileType = sourcecode.swift; path = FriendsViewController.swift; sourceTree = "<group>"; };
		F6C7DE942922833000DA622D /* FriensViewModel.swift */ = {isa = PBXFileReference; lastKnownFileType = sourcecode.swift; path = FriensViewModel.swift; sourceTree = "<group>"; };
		F6C7DE962922833500DA622D /* MyProfileSettingView.swift */ = {isa = PBXFileReference; lastKnownFileType = sourcecode.swift; path = MyProfileSettingView.swift; sourceTree = "<group>"; };
		F6C7DE982922833C00DA622D /* MyProfileSettingViewController.swift */ = {isa = PBXFileReference; lastKnownFileType = sourcecode.swift; path = MyProfileSettingViewController.swift; sourceTree = "<group>"; };
		F6C7DE9A2922834300DA622D /* MyProfileSettingViewModel.swift */ = {isa = PBXFileReference; lastKnownFileType = sourcecode.swift; path = MyProfileSettingViewModel.swift; sourceTree = "<group>"; };
		F6C7DE9D292288C700DA622D /* ProfileImageTableViewCell.swift */ = {isa = PBXFileReference; lastKnownFileType = sourcecode.swift; path = ProfileImageTableViewCell.swift; sourceTree = "<group>"; };
		F6C7DE9F2922893600DA622D /* ProfileNickNameTableViewCell.swift */ = {isa = PBXFileReference; lastKnownFileType = sourcecode.swift; path = ProfileNickNameTableViewCell.swift; sourceTree = "<group>"; };
		F6C7DEA32922895600DA622D /* ProfileReviewTableViewCell.swift */ = {isa = PBXFileReference; lastKnownFileType = sourcecode.swift; path = ProfileReviewTableViewCell.swift; sourceTree = "<group>"; };
		F6C7DEA629228F2200DA622D /* MyProfileSettingModel.swift */ = {isa = PBXFileReference; lastKnownFileType = sourcecode.swift; path = MyProfileSettingModel.swift; sourceTree = "<group>"; };
		F6C7DEA92922B37000DA622D /* ProfileCardView.swift */ = {isa = PBXFileReference; lastKnownFileType = sourcecode.swift; path = ProfileCardView.swift; sourceTree = "<group>"; };
		F6C7DEAB2922BDC500DA622D /* NicknameReusableView.swift */ = {isa = PBXFileReference; lastKnownFileType = sourcecode.swift; path = NicknameReusableView.swift; sourceTree = "<group>"; };
		F6C7DEAD2922BDD800DA622D /* SeSACTitleReusableView.swift */ = {isa = PBXFileReference; lastKnownFileType = sourcecode.swift; path = SeSACTitleReusableView.swift; sourceTree = "<group>"; };
		F6C7DEAF2922BF8C00DA622D /* SeSACReviewReusableView.swift */ = {isa = PBXFileReference; lastKnownFileType = sourcecode.swift; path = SeSACReviewReusableView.swift; sourceTree = "<group>"; };
		F6C7DEB42923B70900DA622D /* ProfileUnregisterTableViewCell.swift */ = {isa = PBXFileReference; lastKnownFileType = sourcecode.swift; path = ProfileUnregisterTableViewCell.swift; sourceTree = "<group>"; };
		F6C7DEBC2923C6EB00DA622D /* MySettingViewModel.swift */ = {isa = PBXFileReference; lastKnownFileType = sourcecode.swift; path = MySettingViewModel.swift; sourceTree = "<group>"; };
		F6C7DEBE2923C6F400DA622D /* MySettingView.swift */ = {isa = PBXFileReference; lastKnownFileType = sourcecode.swift; path = MySettingView.swift; sourceTree = "<group>"; };
		F6C7DEC02923C6FA00DA622D /* MySettingViewController.swift */ = {isa = PBXFileReference; lastKnownFileType = sourcecode.swift; path = MySettingViewController.swift; sourceTree = "<group>"; };
		F6C7DEC22923C70000DA622D /* MySettingModel.swift */ = {isa = PBXFileReference; lastKnownFileType = sourcecode.swift; path = MySettingModel.swift; sourceTree = "<group>"; };
		F6C7DEC72923E1DA00DA622D /* MyProfileCell.swift */ = {isa = PBXFileReference; lastKnownFileType = sourcecode.swift; path = MyProfileCell.swift; sourceTree = "<group>"; };
		F6C7DEC92923E1E900DA622D /* MySettingCell.swift */ = {isa = PBXFileReference; lastKnownFileType = sourcecode.swift; path = MySettingCell.swift; sourceTree = "<group>"; };
		F6C7DECC2924037800DA622D /* BasePopupViewController.swift */ = {isa = PBXFileReference; lastKnownFileType = sourcecode.swift; path = BasePopupViewController.swift; sourceTree = "<group>"; };
		F6C7DED229280B5500DA622D /* SearchModel.swift */ = {isa = PBXFileReference; lastKnownFileType = sourcecode.swift; path = SearchModel.swift; sourceTree = "<group>"; };
		F6EEEDDB291E98DF00C8969B /* SeSAC Service Level Project.entitlements */ = {isa = PBXFileReference; lastKnownFileType = text.plist.entitlements; path = "SeSAC Service Level Project.entitlements"; sourceTree = "<group>"; };
		F6EEEDE1291EB2E700C8969B /* EndPoint.swift */ = {isa = PBXFileReference; lastKnownFileType = sourcecode.swift; path = EndPoint.swift; sourceTree = "<group>"; };
		F6EEEDE4291EB35800C8969B /* SeSACRouter.swift */ = {isa = PBXFileReference; lastKnownFileType = sourcecode.swift; path = SeSACRouter.swift; sourceTree = "<group>"; };
		F6EEEDE6291EB39400C8969B /* APIManager.swift */ = {isa = PBXFileReference; lastKnownFileType = sourcecode.swift; path = APIManager.swift; sourceTree = "<group>"; };
		F6EEEDE8291F713E00C8969B /* NetworkError.swift */ = {isa = PBXFileReference; lastKnownFileType = sourcecode.swift; path = NetworkError.swift; sourceTree = "<group>"; };
		F6EEEDEA291F848D00C8969B /* GoogleService-Info.plist */ = {isa = PBXFileReference; fileEncoding = 4; lastKnownFileType = text.plist.xml; path = "GoogleService-Info.plist"; sourceTree = "<group>"; };
		F6EEEDED29200A1900C8969B /* LoginModel.swift */ = {isa = PBXFileReference; lastKnownFileType = sourcecode.swift; path = LoginModel.swift; sourceTree = "<group>"; };
		F6EEEDEF29200A7000C8969B /* SignUpModel.swift */ = {isa = PBXFileReference; lastKnownFileType = sourcecode.swift; path = SignUpModel.swift; sourceTree = "<group>"; };
/* End PBXFileReference section */

/* Begin PBXFrameworksBuildPhase section */
		F65166B92918E6BD00E362F0 /* Frameworks */ = {
			isa = PBXFrameworksBuildPhase;
			buildActionMask = 2147483647;
			files = (
				F651672729190DD800E362F0 /* Then in Frameworks */,
				F6C7DEC62923CA1C00DA622D /* MultiSlider in Frameworks */,
				F6EEEDDE291EA08400C8969B /* FirebaseAnalyticsWithoutAdIdSupport in Frameworks */,
				F6C7DEB32923B22400DA622D /* DoubleSlider in Frameworks */,
				F65166F32918EA6000E362F0 /* RxSwift in Frameworks */,
				F65166F62918EA7F00E362F0 /* Alamofire in Frameworks */,
				F65166F12918EA6000E362F0 /* RxCocoa in Frameworks */,
				F6EEEDE0291EA08400C8969B /* FirebaseAuth in Frameworks */,
				F6C7DED12926C8C100DA622D /* Toast in Frameworks */,
				F65166EE2918EA2400E362F0 /* SnapKit in Frameworks */,
			);
			runOnlyForDeploymentPostprocessing = 0;
		};
/* End PBXFrameworksBuildPhase section */

/* Begin PBXGroup section */
		F65166B32918E6BD00E362F0 = {
			isa = PBXGroup;
			children = (
				F65166BE2918E6BD00E362F0 /* SeSAC Service Level Project */,
				F65166BD2918E6BD00E362F0 /* Products */,
			);
			sourceTree = "<group>";
		};
		F65166BD2918E6BD00E362F0 /* Products */ = {
			isa = PBXGroup;
			children = (
				F65166BC2918E6BD00E362F0 /* SeSAC Service Level Project.app */,
			);
			name = Products;
			sourceTree = "<group>";
		};
		F65166BE2918E6BD00E362F0 /* SeSAC Service Level Project */ = {
			isa = PBXGroup;
			children = (
				F6EEEDDB291E98DF00C8969B /* SeSAC Service Level Project.entitlements */,
				F65166C82918E6BE00E362F0 /* Assets.xcassets */,
				F6EEEDEA291F848D00C8969B /* GoogleService-Info.plist */,
				F65166CD2918E6BE00E362F0 /* Info.plist */,
				F65166D72918E71E00E362F0 /* Extension */,
				F65166D62918E6F200E362F0 /* Utillity */,
				F65166D52918E6EE00E362F0 /* Network */,
				F65166D42918E6E900E362F0 /* Global */,
				F65166D32918E6E300E362F0 /* Scene */,
				F65166D82918E72E00E362F0 /* Support */,
				F65166CA2918E6BE00E362F0 /* LaunchScreen.storyboard */,
			);
			path = "SeSAC Service Level Project";
			sourceTree = "<group>";
		};
		F65166D32918E6E300E362F0 /* Scene */ = {
			isa = PBXGroup;
			children = (
				F65166FB2918ECC600E362F0 /* Splash & Onboard */,
				F651670C2918F18D00E362F0 /* Authentication */,
				F65166D92918E76500E362F0 /* SignUp */,
				F6516740291A743D00E362F0 /* Main */,
			);
			path = Scene;
			sourceTree = "<group>";
		};
		F65166D42918E6E900E362F0 /* Global */ = {
			isa = PBXGroup;
			children = (
				F6516764291ABEA700E362F0 /* Protocol.swift */,
			);
			path = Global;
			sourceTree = "<group>";
		};
		F65166D52918E6EE00E362F0 /* Network */ = {
			isa = PBXGroup;
			children = (
				F6EEEDEC29200A0A00C8969B /* Model */,
				F6EEEDE3291EB34500C8969B /* Router */,
				F6EEEDE6291EB39400C8969B /* APIManager.swift */,
				F6EEEDE8291F713E00C8969B /* NetworkError.swift */,
				F6EEEDE1291EB2E700C8969B /* EndPoint.swift */,
			);
			path = Network;
			sourceTree = "<group>";
		};
		F65166D62918E6F200E362F0 /* Utillity */ = {
			isa = PBXGroup;
			children = (
				F65166E32918E7C700E362F0 /* Constant */,
				F65166E52918E7D800E362F0 /* CustomView */,
				F65166E42918E7D100E362F0 /* Base */,
			);
			path = Utillity;
			sourceTree = "<group>";
		};
		F65166D72918E71E00E362F0 /* Extension */ = {
			isa = PBXGroup;
			children = (
				F65166F72918EB8200E362F0 /* UIViewController+.swift */,
				F65166F92918EBA500E362F0 /* UIImageView+.swift */,
				F65167332919854700E362F0 /* UILabel+.swift */,
				F651675E291A7DAF00E362F0 /* UIFont+.swift */,
				F6516762291ABA6F00E362F0 /* UITextField+.swift */,
				F6516769291BEFF300E362F0 /* Cell+.swift */,
				F651676E291D785700E362F0 /* Date+.swift */,
			);
			path = Extension;
			sourceTree = "<group>";
		};
		F65166D82918E72E00E362F0 /* Support */ = {
			isa = PBXGroup;
			children = (
				F65166BF2918E6BD00E362F0 /* AppDelegate.swift */,
				F65166C12918E6BD00E362F0 /* SceneDelegate.swift */,
			);
			path = Support;
			sourceTree = "<group>";
		};
		F65166D92918E76500E362F0 /* SignUp */ = {
			isa = PBXGroup;
			children = (
				F651673F291A73DA00E362F0 /* Nickname */,
				F6516741291A744B00E362F0 /* Birth */,
				F6516742291A744E00E362F0 /* Email */,
				F6516743291A745D00E362F0 /* Gender */,
			);
			path = SignUp;
			sourceTree = "<group>";
		};
		F65166DA2918E77400E362F0 /* View */ = {
			isa = PBXGroup;
			children = (
				F65166DF2918E7A700E362F0 /* NicknameView.swift */,
				F65166E12918E7AD00E362F0 /* NicknameViewController.swift */,
			);
			path = View;
			sourceTree = "<group>";
		};
		F65166DB2918E77600E362F0 /* ViewModel */ = {
			isa = PBXGroup;
			children = (
				F65166DD2918E79D00E362F0 /* NicknameViewModel.swift */,
			);
			path = ViewModel;
			sourceTree = "<group>";
		};
		F65166DC2918E78E00E362F0 /* Model */ = {
			isa = PBXGroup;
			children = (
				F65167022918EE9800E362F0 /* NicknameModel.swift */,
			);
			path = Model;
			sourceTree = "<group>";
		};
		F65166E32918E7C700E362F0 /* Constant */ = {
			isa = PBXGroup;
			children = (
				F651671E2919073300E362F0 /* Font */,
				F651671A2918F3DF00E362F0 /* Color.swift */,
				F651671C2919032800E362F0 /* Icon.swift */,
				F65167232919083300E362F0 /* Font.swift */,
				F6516731291968A100E362F0 /* Matrix.swift */,
			);
			path = Constant;
			sourceTree = "<group>";
		};
		F65166E42918E7D100E362F0 /* Base */ = {
			isa = PBXGroup;
			children = (
				F6C7DECB2924025000DA622D /* PopupView */,
				F65166E82918E81100E362F0 /* BaseView.swift */,
				F65166E62918E7F100E362F0 /* BaseViewController.swift */,
				F65166FC2918ECEB00E362F0 /* BaseCollectionViewCell.swift */,
				F65166FE2918ECF300E362F0 /* BaseTableViewCell.swift */,
			);
			path = Base;
			sourceTree = "<group>";
		};
		F65166E52918E7D800E362F0 /* CustomView */ = {
			isa = PBXGroup;
			children = (
				F6B59EB92928D74800A2470A /* AnnotationView */,
				F6C7DEA82922B35300DA622D /* ProfileCardView */,
				F6C7DE71292281D800DA622D /* Tabbar */,
				F651675C291A771A00E362F0 /* SeSACButton.swift */,
				F6516760291A908800E362F0 /* SeSACTextFIeld.swift */,
			);
			path = CustomView;
			sourceTree = "<group>";
		};
		F65166FB2918ECC600E362F0 /* Splash & Onboard */ = {
			isa = PBXGroup;
			children = (
				F65167062918EF2D00E362F0 /* Splash */,
				F65167072918EF3100E362F0 /* Onboard */,
			);
			path = "Splash & Onboard";
			sourceTree = "<group>";
		};
		F65167062918EF2D00E362F0 /* Splash */ = {
			isa = PBXGroup;
			children = (
				F65167002918EE6C00E362F0 /* SplashViewController.swift */,
				F65167082918EF4400E362F0 /* SplashView.swift */,
			);
			path = Splash;
			sourceTree = "<group>";
		};
		F65167072918EF3100E362F0 /* Onboard */ = {
			isa = PBXGroup;
			children = (
				F65167042918EF0400E362F0 /* OnboardViewController.swift */,
				F651672B291926F800E362F0 /* FirstPageViewController.swift */,
				F651672D2919270300E362F0 /* SecondPageViewController.swift */,
				F651672F2919270A00E362F0 /* ThirdPageViewController.swift */,
			);
			path = Onboard;
			sourceTree = "<group>";
		};
		F651670C2918F18D00E362F0 /* Authentication */ = {
			isa = PBXGroup;
			children = (
				F6516735291A731A00E362F0 /* Auth */,
				F6516736291A732D00E362F0 /* AuthDetail */,
			);
			path = Authentication;
			sourceTree = "<group>";
		};
		F651670D2918F1CC00E362F0 /* Home */ = {
			isa = PBXGroup;
			children = (
				F6C7DE74292282AD00DA622D /* View */,
				F6C7DE75292282B100DA622D /* ViewModel */,
			);
			path = Home;
			sourceTree = "<group>";
		};
		F651670E2918F1D700E362F0 /* Shop */ = {
			isa = PBXGroup;
			children = (
				F6C7DE79292282C100DA622D /* View */,
				F6C7DE78292282BE00DA622D /* ViewModel */,
			);
			path = Shop;
			sourceTree = "<group>";
		};
		F651670F2918F1D900E362F0 /* Firends */ = {
			isa = PBXGroup;
			children = (
				F6C7DE7B292282C800DA622D /* View */,
				F6C7DE7A292282C500DA622D /* ViewModel */,
			);
			path = Firends;
			sourceTree = "<group>";
		};
		F65167102918F1DD00E362F0 /* MyProfileSetting */ = {
			isa = PBXGroup;
			children = (
				F6C7DEA529228F1A00DA622D /* Model */,
				F6C7DE7D292282CE00DA622D /* View */,
				F6C7DE7C292282CA00DA622D /* ViewModel */,
			);
			path = MyProfileSetting;
			sourceTree = "<group>";
		};
		F65167112918F20900E362F0 /* Search */ = {
			isa = PBXGroup;
			children = (
				F6C7DE77292282BC00DA622D /* View */,
				F6C7DE76292282B800DA622D /* ViewModel */,
			);
			path = Search;
			sourceTree = "<group>";
		};
		F65167122918F22B00E362F0 /* View */ = {
			isa = PBXGroup;
			children = (
				F65167162918F24D00E362F0 /* AuthView.swift */,
				F65167182918F25300E362F0 /* AuthViewController.swift */,
			);
			path = View;
			sourceTree = "<group>";
		};
		F65167132918F22E00E362F0 /* ViewModel */ = {
			isa = PBXGroup;
			children = (
				F65167142918F24600E362F0 /* AuthViewModel.swift */,
			);
			path = ViewModel;
			sourceTree = "<group>";
		};
		F651671E2919073300E362F0 /* Font */ = {
			isa = PBXGroup;
			children = (
				F651671F2919077F00E362F0 /* NotoSansKR-Medium.otf */,
				F65167202919077F00E362F0 /* NotoSansKR-Regular.otf */,
			);
			path = Font;
			sourceTree = "<group>";
		};
		F6516735291A731A00E362F0 /* Auth */ = {
			isa = PBXGroup;
			children = (
				F65167122918F22B00E362F0 /* View */,
				F65167132918F22E00E362F0 /* ViewModel */,
			);
			path = Auth;
			sourceTree = "<group>";
		};
		F6516736291A732D00E362F0 /* AuthDetail */ = {
			isa = PBXGroup;
			children = (
				F6516737291A734300E362F0 /* View */,
				F6516738291A734600E362F0 /* ViewModel */,
			);
			path = AuthDetail;
			sourceTree = "<group>";
		};
		F6516737291A734300E362F0 /* View */ = {
			isa = PBXGroup;
			children = (
				F6516739291A735800E362F0 /* AuthDetailView.swift */,
				F651673B291A736400E362F0 /* AuthDetailViewController.swift */,
			);
			path = View;
			sourceTree = "<group>";
		};
		F6516738291A734600E362F0 /* ViewModel */ = {
			isa = PBXGroup;
			children = (
				F651673D291A737000E362F0 /* AuthDetailViewModel.swift */,
			);
			path = ViewModel;
			sourceTree = "<group>";
		};
		F651673F291A73DA00E362F0 /* Nickname */ = {
			isa = PBXGroup;
			children = (
				F65166DC2918E78E00E362F0 /* Model */,
				F65166DA2918E77400E362F0 /* View */,
				F65166DB2918E77600E362F0 /* ViewModel */,
			);
			path = Nickname;
			sourceTree = "<group>";
		};
		F6516740291A743D00E362F0 /* Main */ = {
			isa = PBXGroup;
			children = (
				F651670D2918F1CC00E362F0 /* Home */,
				F65167112918F20900E362F0 /* Search */,
				F651670E2918F1D700E362F0 /* Shop */,
				F651670F2918F1D900E362F0 /* Firends */,
				F6C7DEB62923C5DB00DA622D /* Setting */,
			);
			path = Main;
			sourceTree = "<group>";
		};
		F6516741291A744B00E362F0 /* Birth */ = {
			isa = PBXGroup;
			children = (
				F6516744291A746E00E362F0 /* View */,
				F6516745291A747100E362F0 /* ViewModel */,
			);
			path = Birth;
			sourceTree = "<group>";
		};
		F6516742291A744E00E362F0 /* Email */ = {
			isa = PBXGroup;
			children = (
				F6516747291A747C00E362F0 /* View */,
				F6516746291A747700E362F0 /* ViewModel */,
			);
			path = Email;
			sourceTree = "<group>";
		};
		F6516743291A745D00E362F0 /* Gender */ = {
			isa = PBXGroup;
			children = (
				F651676B291C222500E362F0 /* Model */,
				F6516749291A748100E362F0 /* View */,
				F6516748291A747E00E362F0 /* ViewModel */,
			);
			path = Gender;
			sourceTree = "<group>";
		};
		F6516744291A746E00E362F0 /* View */ = {
			isa = PBXGroup;
			children = (
				F651674A291A74B800E362F0 /* BirthView.swift */,
				F651674C291A74C400E362F0 /* BirthViewController.swift */,
			);
			path = View;
			sourceTree = "<group>";
		};
		F6516745291A747100E362F0 /* ViewModel */ = {
			isa = PBXGroup;
			children = (
				F651674E291A74CC00E362F0 /* BirthViewModel.swift */,
			);
			path = ViewModel;
			sourceTree = "<group>";
		};
		F6516746291A747700E362F0 /* ViewModel */ = {
			isa = PBXGroup;
			children = (
				F6516754291A74E000E362F0 /* EmailViewModel.swift */,
			);
			path = ViewModel;
			sourceTree = "<group>";
		};
		F6516747291A747C00E362F0 /* View */ = {
			isa = PBXGroup;
			children = (
				F6516750291A74D300E362F0 /* EmailView.swift */,
				F6516752291A74D900E362F0 /* EmailViewController.swift */,
			);
			path = View;
			sourceTree = "<group>";
		};
		F6516748291A747E00E362F0 /* ViewModel */ = {
			isa = PBXGroup;
			children = (
				F651675A291A74F300E362F0 /* GenderViewModel.swift */,
			);
			path = ViewModel;
			sourceTree = "<group>";
		};
		F6516749291A748100E362F0 /* View */ = {
			isa = PBXGroup;
			children = (
				F6516766291BEEEC00E362F0 /* Cell */,
				F6516756291A74E700E362F0 /* GenderView.swift */,
				F6516758291A74ED00E362F0 /* GenderViewController.swift */,
			);
			path = View;
			sourceTree = "<group>";
		};
		F6516766291BEEEC00E362F0 /* Cell */ = {
			isa = PBXGroup;
			children = (
				F6516767291BEEFC00E362F0 /* GenderCollectionViewCell.swift */,
			);
			path = Cell;
			sourceTree = "<group>";
		};
		F651676B291C222500E362F0 /* Model */ = {
			isa = PBXGroup;
			children = (
				F651676C291C228E00E362F0 /* GenderModel.swift */,
			);
			path = Model;
			sourceTree = "<group>";
		};
		F6B59EB92928D74800A2470A /* AnnotationView */ = {
			isa = PBXGroup;
			children = (
				F6B59EBA2928D75A00A2470A /* CustomAnnotationView.swift */,
			);
			path = AnnotationView;
			sourceTree = "<group>";
		};
		F6C7DE71292281D800DA622D /* Tabbar */ = {
			isa = PBXGroup;
			children = (
				F6C7DE72292281FF00DA622D /* TabbarViewController.swift */,
			);
			path = Tabbar;
			sourceTree = "<group>";
		};
		F6C7DE74292282AD00DA622D /* View */ = {
			isa = PBXGroup;
			children = (
				F6C7DE7E292282E000DA622D /* HomeView.swift */,
				F6C7DE80292282E600DA622D /* HomeViewController.swift */,
			);
			path = View;
			sourceTree = "<group>";
		};
		F6C7DE75292282B100DA622D /* ViewModel */ = {
			isa = PBXGroup;
			children = (
				F6C7DE82292282ED00DA622D /* HomeViewModel.swift */,
			);
			path = ViewModel;
			sourceTree = "<group>";
		};
		F6C7DE76292282B800DA622D /* ViewModel */ = {
			isa = PBXGroup;
			children = (
				F6C7DE882922830300DA622D /* SearchViewModel.swift */,
			);
			path = ViewModel;
			sourceTree = "<group>";
		};
		F6C7DE77292282BC00DA622D /* View */ = {
			isa = PBXGroup;
			children = (
				F6C7DE84292282F700DA622D /* SearchView.swift */,
				F6C7DE86292282FD00DA622D /* SearchViewController.swift */,
			);
			path = View;
			sourceTree = "<group>";
		};
		F6C7DE78292282BE00DA622D /* ViewModel */ = {
			isa = PBXGroup;
			children = (
				F6C7DE8E2922831500DA622D /* ShopViewModel.swift */,
			);
			path = ViewModel;
			sourceTree = "<group>";
		};
		F6C7DE79292282C100DA622D /* View */ = {
			isa = PBXGroup;
			children = (
				F6C7DE8A2922830800DA622D /* ShopView.swift */,
				F6C7DE8C2922830E00DA622D /* ShopViewController.swift */,
			);
			path = View;
			sourceTree = "<group>";
		};
		F6C7DE7A292282C500DA622D /* ViewModel */ = {
			isa = PBXGroup;
			children = (
				F6C7DE942922833000DA622D /* FriensViewModel.swift */,
			);
			path = ViewModel;
			sourceTree = "<group>";
		};
		F6C7DE7B292282C800DA622D /* View */ = {
			isa = PBXGroup;
			children = (
				F6C7DE902922831E00DA622D /* FriendsView.swift */,
				F6C7DE922922832800DA622D /* FriendsViewController.swift */,
			);
			path = View;
			sourceTree = "<group>";
		};
		F6C7DE7C292282CA00DA622D /* ViewModel */ = {
			isa = PBXGroup;
			children = (
				F6C7DE9A2922834300DA622D /* MyProfileSettingViewModel.swift */,
			);
			path = ViewModel;
			sourceTree = "<group>";
		};
		F6C7DE7D292282CE00DA622D /* View */ = {
			isa = PBXGroup;
			children = (
				F6C7DE9C2922889B00DA622D /* Cell */,
				F6C7DE962922833500DA622D /* MyProfileSettingView.swift */,
				F6C7DE982922833C00DA622D /* MyProfileSettingViewController.swift */,
			);
			path = View;
			sourceTree = "<group>";
		};
		F6C7DE9C2922889B00DA622D /* Cell */ = {
			isa = PBXGroup;
			children = (
				F6C7DE9D292288C700DA622D /* ProfileImageTableViewCell.swift */,
				F6C7DE9F2922893600DA622D /* ProfileNickNameTableViewCell.swift */,
				F6C7DEA32922895600DA622D /* ProfileReviewTableViewCell.swift */,
				F6C7DEB42923B70900DA622D /* ProfileUnregisterTableViewCell.swift */,
			);
			path = Cell;
			sourceTree = "<group>";
		};
		F6C7DEA529228F1A00DA622D /* Model */ = {
			isa = PBXGroup;
			children = (
				F6C7DEA629228F2200DA622D /* MyProfileSettingModel.swift */,
			);
			path = Model;
			sourceTree = "<group>";
		};
		F6C7DEA82922B35300DA622D /* ProfileCardView */ = {
			isa = PBXGroup;
			children = (
				F6C7DEA92922B37000DA622D /* ProfileCardView.swift */,
				F6C7DEAB2922BDC500DA622D /* NicknameReusableView.swift */,
				F6C7DEAD2922BDD800DA622D /* SeSACTitleReusableView.swift */,
				F6C7DEAF2922BF8C00DA622D /* SeSACReviewReusableView.swift */,
			);
			path = ProfileCardView;
			sourceTree = "<group>";
		};
		F6C7DEB62923C5DB00DA622D /* Setting */ = {
			isa = PBXGroup;
			children = (
				F6C7DEB72923C6C700DA622D /* MySetting */,
				F65167102918F1DD00E362F0 /* MyProfileSetting */,
			);
			path = Setting;
			sourceTree = "<group>";
		};
		F6C7DEB72923C6C700DA622D /* MySetting */ = {
			isa = PBXGroup;
			children = (
				F6C7DEBA2923C6DB00DA622D /* Model */,
				F6C7DEB92923C6D800DA622D /* View */,
				F6C7DEB82923C6D300DA622D /* ViewModel */,
			);
			path = MySetting;
			sourceTree = "<group>";
		};
		F6C7DEB82923C6D300DA622D /* ViewModel */ = {
			isa = PBXGroup;
			children = (
				F6C7DEBC2923C6EB00DA622D /* MySettingViewModel.swift */,
			);
			path = ViewModel;
			sourceTree = "<group>";
		};
		F6C7DEB92923C6D800DA622D /* View */ = {
			isa = PBXGroup;
			children = (
				F6C7DEBB2923C6E000DA622D /* Cell */,
				F6C7DEBE2923C6F400DA622D /* MySettingView.swift */,
				F6C7DEC02923C6FA00DA622D /* MySettingViewController.swift */,
			);
			path = View;
			sourceTree = "<group>";
		};
		F6C7DEBA2923C6DB00DA622D /* Model */ = {
			isa = PBXGroup;
			children = (
				F6C7DEC22923C70000DA622D /* MySettingModel.swift */,
			);
			path = Model;
			sourceTree = "<group>";
		};
		F6C7DEBB2923C6E000DA622D /* Cell */ = {
			isa = PBXGroup;
			children = (
				F6C7DEC72923E1DA00DA622D /* MyProfileCell.swift */,
				F6C7DEC92923E1E900DA622D /* MySettingCell.swift */,
			);
			path = Cell;
			sourceTree = "<group>";
		};
		F6C7DECB2924025000DA622D /* PopupView */ = {
			isa = PBXGroup;
			children = (
				F6C7DECC2924037800DA622D /* BasePopupViewController.swift */,
			);
			path = PopupView;
			sourceTree = "<group>";
		};
		F6EEEDE3291EB34500C8969B /* Router */ = {
			isa = PBXGroup;
			children = (
				F6EEEDE4291EB35800C8969B /* SeSACRouter.swift */,
			);
			path = Router;
			sourceTree = "<group>";
		};
		F6EEEDEC29200A0A00C8969B /* Model */ = {
			isa = PBXGroup;
			children = (
				F6EEEDED29200A1900C8969B /* LoginModel.swift */,
				F6EEEDEF29200A7000C8969B /* SignUpModel.swift */,
				F6C7DED229280B5500DA622D /* SearchModel.swift */,
				F6B59EBC2928EBB800A2470A /* MyQueueState.swift */,
			);
			path = Model;
			sourceTree = "<group>";
		};
/* End PBXGroup section */

/* Begin PBXNativeTarget section */
		F65166BB2918E6BD00E362F0 /* SeSAC Service Level Project */ = {
			isa = PBXNativeTarget;
			buildConfigurationList = F65166D02918E6BE00E362F0 /* Build configuration list for PBXNativeTarget "SeSAC Service Level Project" */;
			buildPhases = (
				F65166B82918E6BD00E362F0 /* Sources */,
				F65166B92918E6BD00E362F0 /* Frameworks */,
				F65166BA2918E6BD00E362F0 /* Resources */,
			);
			buildRules = (
			);
			dependencies = (
			);
			name = "SeSAC Service Level Project";
			packageProductDependencies = (
				F65166ED2918EA2400E362F0 /* SnapKit */,
				F65166F02918EA6000E362F0 /* RxCocoa */,
				F65166F22918EA6000E362F0 /* RxSwift */,
				F65166F52918EA7F00E362F0 /* Alamofire */,
				F651672629190DD800E362F0 /* Then */,
				F6EEEDDD291EA08400C8969B /* FirebaseAnalyticsWithoutAdIdSupport */,
				F6EEEDDF291EA08400C8969B /* FirebaseAuth */,
				F6C7DEB22923B22400DA622D /* DoubleSlider */,
				F6C7DEC52923CA1C00DA622D /* MultiSlider */,
				F6C7DED02926C8C100DA622D /* Toast */,
			);
			productName = "SeSAC Service Level Project";
			productReference = F65166BC2918E6BD00E362F0 /* SeSAC Service Level Project.app */;
			productType = "com.apple.product-type.application";
		};
/* End PBXNativeTarget section */

/* Begin PBXProject section */
		F65166B42918E6BD00E362F0 /* Project object */ = {
			isa = PBXProject;
			attributes = {
				BuildIndependentTargetsInParallel = 1;
				LastSwiftUpdateCheck = 1400;
				LastUpgradeCheck = 1400;
				TargetAttributes = {
					F65166BB2918E6BD00E362F0 = {
						CreatedOnToolsVersion = 14.0.1;
					};
				};
			};
			buildConfigurationList = F65166B72918E6BD00E362F0 /* Build configuration list for PBXProject "SeSAC Service Level Project" */;
			compatibilityVersion = "Xcode 14.0";
			developmentRegion = en;
			hasScannedForEncodings = 0;
			knownRegions = (
				en,
				Base,
			);
			mainGroup = F65166B32918E6BD00E362F0;
			packageReferences = (
				F65166EC2918EA2400E362F0 /* XCRemoteSwiftPackageReference "SnapKit" */,
				F65166EF2918EA6000E362F0 /* XCRemoteSwiftPackageReference "RxSwift" */,
				F65166F42918EA7F00E362F0 /* XCRemoteSwiftPackageReference "Alamofire" */,
				F651672529190DD800E362F0 /* XCRemoteSwiftPackageReference "Then" */,
				F6EEEDDC291EA08400C8969B /* XCRemoteSwiftPackageReference "firebase-ios-sdk" */,
				F6C7DEB12923B22300DA622D /* XCRemoteSwiftPackageReference "DoubleSlider" */,
				F6C7DEC42923CA1C00DA622D /* XCRemoteSwiftPackageReference "MultiSlider" */,
				F6C7DECF2926C8C100DA622D /* XCRemoteSwiftPackageReference "Toast-Swift" */,
			);
			productRefGroup = F65166BD2918E6BD00E362F0 /* Products */;
			projectDirPath = "";
			projectRoot = "";
			targets = (
				F65166BB2918E6BD00E362F0 /* SeSAC Service Level Project */,
			);
		};
/* End PBXProject section */

/* Begin PBXResourcesBuildPhase section */
		F65166BA2918E6BD00E362F0 /* Resources */ = {
			isa = PBXResourcesBuildPhase;
			buildActionMask = 2147483647;
			files = (
				F65167212919077F00E362F0 /* NotoSansKR-Medium.otf in Resources */,
				F65166CC2918E6BE00E362F0 /* LaunchScreen.storyboard in Resources */,
				F6EEEDEB291F848D00C8969B /* GoogleService-Info.plist in Resources */,
				F65167222919077F00E362F0 /* NotoSansKR-Regular.otf in Resources */,
				F65166C92918E6BE00E362F0 /* Assets.xcassets in Resources */,
			);
			runOnlyForDeploymentPostprocessing = 0;
		};
/* End PBXResourcesBuildPhase section */

/* Begin PBXSourcesBuildPhase section */
		F65166B82918E6BD00E362F0 /* Sources */ = {
			isa = PBXSourcesBuildPhase;
			buildActionMask = 2147483647;
			files = (
				F65167342919854700E362F0 /* UILabel+.swift in Sources */,
				F6516763291ABA6F00E362F0 /* UITextField+.swift in Sources */,
				F6516751291A74D300E362F0 /* EmailView.swift in Sources */,
				F65166E02918E7A700E362F0 /* NicknameView.swift in Sources */,
				F65167092918EF4400E362F0 /* SplashView.swift in Sources */,
				F6C7DE952922833000DA622D /* FriensViewModel.swift in Sources */,
				F6EEEDE2291EB2E700C8969B /* EndPoint.swift in Sources */,
				F6C7DE9E292288C700DA622D /* ProfileImageTableViewCell.swift in Sources */,
				F6C7DE892922830300DA622D /* SearchViewModel.swift in Sources */,
				F651675D291A771A00E362F0 /* SeSACButton.swift in Sources */,
				F651671B2918F3DF00E362F0 /* Color.swift in Sources */,
				F6C7DE972922833500DA622D /* MyProfileSettingView.swift in Sources */,
				F6C7DE73292281FF00DA622D /* TabbarViewController.swift in Sources */,
				F6C7DEBF2923C6F400DA622D /* MySettingView.swift in Sources */,
				F65167242919083300E362F0 /* Font.swift in Sources */,
				F6516761291A908800E362F0 /* SeSACTextFIeld.swift in Sources */,
				F651673E291A737000E362F0 /* AuthDetailViewModel.swift in Sources */,
				F6C7DE9B2922834300DA622D /* MyProfileSettingViewModel.swift in Sources */,
				F651676F291D785700E362F0 /* Date+.swift in Sources */,
				F6EEEDE7291EB39400C8969B /* APIManager.swift in Sources */,
				F6C7DE87292282FD00DA622D /* SearchViewController.swift in Sources */,
				F65167032918EE9800E362F0 /* NicknameModel.swift in Sources */,
				F65166C02918E6BD00E362F0 /* AppDelegate.swift in Sources */,
				F6C7DE912922831E00DA622D /* FriendsView.swift in Sources */,
				F6C7DEC82923E1DA00DA622D /* MyProfileCell.swift in Sources */,
				F651674F291A74CC00E362F0 /* BirthViewModel.swift in Sources */,
				F65166DE2918E79D00E362F0 /* NicknameViewModel.swift in Sources */,
				F6516732291968A100E362F0 /* Matrix.swift in Sources */,
				F6B59EBB2928D75A00A2470A /* CustomAnnotationView.swift in Sources */,
				F6C7DE83292282ED00DA622D /* HomeViewModel.swift in Sources */,
				F6C7DED329280B5500DA622D /* SearchModel.swift in Sources */,
				F6C7DE81292282E600DA622D /* HomeViewController.swift in Sources */,
				F6C7DEA02922893600DA622D /* ProfileNickNameTableViewCell.swift in Sources */,
				F6EEEDF029200A7000C8969B /* SignUpModel.swift in Sources */,
				F65167052918EF0400E362F0 /* OnboardViewController.swift in Sources */,
				F651674D291A74C400E362F0 /* BirthViewController.swift in Sources */,
				F6EEEDE5291EB35800C8969B /* SeSACRouter.swift in Sources */,
				F6EEEDEE29200A1900C8969B /* LoginModel.swift in Sources */,
				F6C7DEA42922895600DA622D /* ProfileReviewTableViewCell.swift in Sources */,
				F6C7DE8B2922830800DA622D /* ShopView.swift in Sources */,
				F65167302919270A00E362F0 /* ThirdPageViewController.swift in Sources */,
				F6516757291A74E700E362F0 /* GenderView.swift in Sources */,
				F651672E2919270300E362F0 /* SecondPageViewController.swift in Sources */,
				F651676D291C228E00E362F0 /* GenderModel.swift in Sources */,
				F65167172918F24D00E362F0 /* AuthView.swift in Sources */,
				F651671D2919032800E362F0 /* Icon.swift in Sources */,
				F6C7DE85292282F700DA622D /* SearchView.swift in Sources */,
				F6C7DEB52923B70900DA622D /* ProfileUnregisterTableViewCell.swift in Sources */,
				F6C7DECA2923E1E900DA622D /* MySettingCell.swift in Sources */,
				F6C7DEBD2923C6EB00DA622D /* MySettingViewModel.swift in Sources */,
				F6516753291A74D900E362F0 /* EmailViewController.swift in Sources */,
				F6C7DEAE2922BDD800DA622D /* SeSACTitleReusableView.swift in Sources */,
				F65167152918F24600E362F0 /* AuthViewModel.swift in Sources */,
				F651674B291A74B800E362F0 /* BirthView.swift in Sources */,
				F65166FF2918ECF300E362F0 /* BaseTableViewCell.swift in Sources */,
				F6C7DE932922832800DA622D /* FriendsViewController.swift in Sources */,
				F65166FD2918ECEB00E362F0 /* BaseCollectionViewCell.swift in Sources */,
				F6B59EBD2928EBB800A2470A /* MyQueueState.swift in Sources */,
				F6C7DEB02922BF8C00DA622D /* SeSACReviewReusableView.swift in Sources */,
				F65167192918F25300E362F0 /* AuthViewController.swift in Sources */,
				F651675B291A74F300E362F0 /* GenderViewModel.swift in Sources */,
				F651673A291A735800E362F0 /* AuthDetailView.swift in Sources */,
				F6C7DEAA2922B37000DA622D /* ProfileCardView.swift in Sources */,
				F6C7DEC32923C70000DA622D /* MySettingModel.swift in Sources */,
				F6C7DE7F292282E000DA622D /* HomeView.swift in Sources */,
				F65167012918EE6C00E362F0 /* SplashViewController.swift in Sources */,
				F651675F291A7DAF00E362F0 /* UIFont+.swift in Sources */,
				F651676A291BEFF300E362F0 /* Cell+.swift in Sources */,
				F651673C291A736400E362F0 /* AuthDetailViewController.swift in Sources */,
				F651672C291926F800E362F0 /* FirstPageViewController.swift in Sources */,
				F6C7DE8D2922830E00DA622D /* ShopViewController.swift in Sources */,
				F6C7DEAC2922BDC500DA622D /* NicknameReusableView.swift in Sources */,
				F65166C22918E6BD00E362F0 /* SceneDelegate.swift in Sources */,
				F65166F82918EB8200E362F0 /* UIViewController+.swift in Sources */,
				F6516755291A74E000E362F0 /* EmailViewModel.swift in Sources */,
				F6C7DEA729228F2200DA622D /* MyProfileSettingModel.swift in Sources */,
				F6C7DE992922833C00DA622D /* MyProfileSettingViewController.swift in Sources */,
				F65166E92918E81100E362F0 /* BaseView.swift in Sources */,
				F6516765291ABEA700E362F0 /* Protocol.swift in Sources */,
				F65166E22918E7AD00E362F0 /* NicknameViewController.swift in Sources */,
				F6516768291BEEFC00E362F0 /* GenderCollectionViewCell.swift in Sources */,
				F65166FA2918EBA500E362F0 /* UIImageView+.swift in Sources */,
				F6C7DECD2924037800DA622D /* BasePopupViewController.swift in Sources */,
				F6EEEDE9291F713E00C8969B /* NetworkError.swift in Sources */,
				F65166E72918E7F100E362F0 /* BaseViewController.swift in Sources */,
				F6C7DEC12923C6FA00DA622D /* MySettingViewController.swift in Sources */,
				F6516759291A74ED00E362F0 /* GenderViewController.swift in Sources */,
				F6C7DE8F2922831500DA622D /* ShopViewModel.swift in Sources */,
			);
			runOnlyForDeploymentPostprocessing = 0;
		};
/* End PBXSourcesBuildPhase section */

/* Begin PBXVariantGroup section */
		F65166CA2918E6BE00E362F0 /* LaunchScreen.storyboard */ = {
			isa = PBXVariantGroup;
			children = (
				F65166CB2918E6BE00E362F0 /* Base */,
			);
			name = LaunchScreen.storyboard;
			sourceTree = "<group>";
		};
/* End PBXVariantGroup section */

/* Begin XCBuildConfiguration section */
		F65166CE2918E6BE00E362F0 /* Debug */ = {
			isa = XCBuildConfiguration;
			buildSettings = {
				ALWAYS_SEARCH_USER_PATHS = NO;
				CLANG_ANALYZER_NONNULL = YES;
				CLANG_ANALYZER_NUMBER_OBJECT_CONVERSION = YES_AGGRESSIVE;
				CLANG_CXX_LANGUAGE_STANDARD = "gnu++20";
				CLANG_ENABLE_MODULES = YES;
				CLANG_ENABLE_OBJC_ARC = YES;
				CLANG_ENABLE_OBJC_WEAK = YES;
				CLANG_WARN_BLOCK_CAPTURE_AUTORELEASING = YES;
				CLANG_WARN_BOOL_CONVERSION = YES;
				CLANG_WARN_COMMA = YES;
				CLANG_WARN_CONSTANT_CONVERSION = YES;
				CLANG_WARN_DEPRECATED_OBJC_IMPLEMENTATIONS = YES;
				CLANG_WARN_DIRECT_OBJC_ISA_USAGE = YES_ERROR;
				CLANG_WARN_DOCUMENTATION_COMMENTS = YES;
				CLANG_WARN_EMPTY_BODY = YES;
				CLANG_WARN_ENUM_CONVERSION = YES;
				CLANG_WARN_INFINITE_RECURSION = YES;
				CLANG_WARN_INT_CONVERSION = YES;
				CLANG_WARN_NON_LITERAL_NULL_CONVERSION = YES;
				CLANG_WARN_OBJC_IMPLICIT_RETAIN_SELF = YES;
				CLANG_WARN_OBJC_LITERAL_CONVERSION = YES;
				CLANG_WARN_OBJC_ROOT_CLASS = YES_ERROR;
				CLANG_WARN_QUOTED_INCLUDE_IN_FRAMEWORK_HEADER = YES;
				CLANG_WARN_RANGE_LOOP_ANALYSIS = YES;
				CLANG_WARN_STRICT_PROTOTYPES = YES;
				CLANG_WARN_SUSPICIOUS_MOVE = YES;
				CLANG_WARN_UNGUARDED_AVAILABILITY = YES_AGGRESSIVE;
				CLANG_WARN_UNREACHABLE_CODE = YES;
				CLANG_WARN__DUPLICATE_METHOD_MATCH = YES;
				COPY_PHASE_STRIP = NO;
				DEBUG_INFORMATION_FORMAT = dwarf;
				ENABLE_STRICT_OBJC_MSGSEND = YES;
				ENABLE_TESTABILITY = YES;
				GCC_C_LANGUAGE_STANDARD = gnu11;
				GCC_DYNAMIC_NO_PIC = NO;
				GCC_NO_COMMON_BLOCKS = YES;
				GCC_OPTIMIZATION_LEVEL = 0;
				GCC_PREPROCESSOR_DEFINITIONS = (
					"DEBUG=1",
					"$(inherited)",
				);
				GCC_WARN_64_TO_32_BIT_CONVERSION = YES;
				GCC_WARN_ABOUT_RETURN_TYPE = YES_ERROR;
				GCC_WARN_UNDECLARED_SELECTOR = YES;
				GCC_WARN_UNINITIALIZED_AUTOS = YES_AGGRESSIVE;
				GCC_WARN_UNUSED_FUNCTION = YES;
				GCC_WARN_UNUSED_VARIABLE = YES;
				IPHONEOS_DEPLOYMENT_TARGET = 15.0;
				MTL_ENABLE_DEBUG_INFO = INCLUDE_SOURCE;
				MTL_FAST_MATH = YES;
				ONLY_ACTIVE_ARCH = YES;
				SDKROOT = iphoneos;
				SWIFT_ACTIVE_COMPILATION_CONDITIONS = DEBUG;
				SWIFT_OPTIMIZATION_LEVEL = "-Onone";
			};
			name = Debug;
		};
		F65166CF2918E6BE00E362F0 /* Release */ = {
			isa = XCBuildConfiguration;
			buildSettings = {
				ALWAYS_SEARCH_USER_PATHS = NO;
				CLANG_ANALYZER_NONNULL = YES;
				CLANG_ANALYZER_NUMBER_OBJECT_CONVERSION = YES_AGGRESSIVE;
				CLANG_CXX_LANGUAGE_STANDARD = "gnu++20";
				CLANG_ENABLE_MODULES = YES;
				CLANG_ENABLE_OBJC_ARC = YES;
				CLANG_ENABLE_OBJC_WEAK = YES;
				CLANG_WARN_BLOCK_CAPTURE_AUTORELEASING = YES;
				CLANG_WARN_BOOL_CONVERSION = YES;
				CLANG_WARN_COMMA = YES;
				CLANG_WARN_CONSTANT_CONVERSION = YES;
				CLANG_WARN_DEPRECATED_OBJC_IMPLEMENTATIONS = YES;
				CLANG_WARN_DIRECT_OBJC_ISA_USAGE = YES_ERROR;
				CLANG_WARN_DOCUMENTATION_COMMENTS = YES;
				CLANG_WARN_EMPTY_BODY = YES;
				CLANG_WARN_ENUM_CONVERSION = YES;
				CLANG_WARN_INFINITE_RECURSION = YES;
				CLANG_WARN_INT_CONVERSION = YES;
				CLANG_WARN_NON_LITERAL_NULL_CONVERSION = YES;
				CLANG_WARN_OBJC_IMPLICIT_RETAIN_SELF = YES;
				CLANG_WARN_OBJC_LITERAL_CONVERSION = YES;
				CLANG_WARN_OBJC_ROOT_CLASS = YES_ERROR;
				CLANG_WARN_QUOTED_INCLUDE_IN_FRAMEWORK_HEADER = YES;
				CLANG_WARN_RANGE_LOOP_ANALYSIS = YES;
				CLANG_WARN_STRICT_PROTOTYPES = YES;
				CLANG_WARN_SUSPICIOUS_MOVE = YES;
				CLANG_WARN_UNGUARDED_AVAILABILITY = YES_AGGRESSIVE;
				CLANG_WARN_UNREACHABLE_CODE = YES;
				CLANG_WARN__DUPLICATE_METHOD_MATCH = YES;
				COPY_PHASE_STRIP = NO;
				DEBUG_INFORMATION_FORMAT = "dwarf-with-dsym";
				ENABLE_NS_ASSERTIONS = NO;
				ENABLE_STRICT_OBJC_MSGSEND = YES;
				GCC_C_LANGUAGE_STANDARD = gnu11;
				GCC_NO_COMMON_BLOCKS = YES;
				GCC_WARN_64_TO_32_BIT_CONVERSION = YES;
				GCC_WARN_ABOUT_RETURN_TYPE = YES_ERROR;
				GCC_WARN_UNDECLARED_SELECTOR = YES;
				GCC_WARN_UNINITIALIZED_AUTOS = YES_AGGRESSIVE;
				GCC_WARN_UNUSED_FUNCTION = YES;
				GCC_WARN_UNUSED_VARIABLE = YES;
				IPHONEOS_DEPLOYMENT_TARGET = 15.0;
				MTL_ENABLE_DEBUG_INFO = NO;
				MTL_FAST_MATH = YES;
				SDKROOT = iphoneos;
				SWIFT_COMPILATION_MODE = wholemodule;
				SWIFT_OPTIMIZATION_LEVEL = "-O";
				VALIDATE_PRODUCT = YES;
			};
			name = Release;
		};
		F65166D12918E6BE00E362F0 /* Debug */ = {
			isa = XCBuildConfiguration;
			buildSettings = {
				ASSETCATALOG_COMPILER_APPICON_NAME = AppIcon;
				ASSETCATALOG_COMPILER_GLOBAL_ACCENT_COLOR_NAME = AccentColor;
				CODE_SIGN_ENTITLEMENTS = "SeSAC Service Level Project/SeSAC Service Level Project.entitlements";
				CODE_SIGN_STYLE = Automatic;
				CURRENT_PROJECT_VERSION = 1;
				DEVELOPMENT_TEAM = FJNF7APGSX;
				GENERATE_INFOPLIST_FILE = YES;
				INFOPLIST_FILE = "SeSAC Service Level Project/Info.plist";
				INFOPLIST_KEY_CFBundleDisplayName = "SeSAC Study";
				INFOPLIST_KEY_UIApplicationSupportsIndirectInputEvents = YES;
				INFOPLIST_KEY_UILaunchStoryboardName = LaunchScreen;
				INFOPLIST_KEY_UISupportedInterfaceOrientations_iPad = "UIInterfaceOrientationPortrait UIInterfaceOrientationPortraitUpsideDown UIInterfaceOrientationLandscapeLeft UIInterfaceOrientationLandscapeRight";
				INFOPLIST_KEY_UISupportedInterfaceOrientations_iPhone = "UIInterfaceOrientationPortrait UIInterfaceOrientationLandscapeLeft UIInterfaceOrientationLandscapeRight";
				IPHONEOS_DEPLOYMENT_TARGET = 16.0;
				LD_RUNPATH_SEARCH_PATHS = (
					"$(inherited)",
					"@executable_path/Frameworks",
				);
				MARKETING_VERSION = 1.0;
				PRODUCT_BUNDLE_IDENTIFIER = com.memolease.sesacslp;
				PRODUCT_NAME = "$(TARGET_NAME)";
				SWIFT_EMIT_LOC_STRINGS = YES;
				SWIFT_VERSION = 5.0;
				TARGETED_DEVICE_FAMILY = "1,2";
			};
			name = Debug;
		};
		F65166D22918E6BE00E362F0 /* Release */ = {
			isa = XCBuildConfiguration;
			buildSettings = {
				ASSETCATALOG_COMPILER_APPICON_NAME = AppIcon;
				ASSETCATALOG_COMPILER_GLOBAL_ACCENT_COLOR_NAME = AccentColor;
				CODE_SIGN_ENTITLEMENTS = "SeSAC Service Level Project/SeSAC Service Level Project.entitlements";
				CODE_SIGN_STYLE = Automatic;
				CURRENT_PROJECT_VERSION = 1;
				DEVELOPMENT_TEAM = FJNF7APGSX;
				GENERATE_INFOPLIST_FILE = YES;
				INFOPLIST_FILE = "SeSAC Service Level Project/Info.plist";
				INFOPLIST_KEY_CFBundleDisplayName = "SeSAC Study";
				INFOPLIST_KEY_UIApplicationSupportsIndirectInputEvents = YES;
				INFOPLIST_KEY_UILaunchStoryboardName = LaunchScreen;
				INFOPLIST_KEY_UISupportedInterfaceOrientations_iPad = "UIInterfaceOrientationPortrait UIInterfaceOrientationPortraitUpsideDown UIInterfaceOrientationLandscapeLeft UIInterfaceOrientationLandscapeRight";
				INFOPLIST_KEY_UISupportedInterfaceOrientations_iPhone = "UIInterfaceOrientationPortrait UIInterfaceOrientationLandscapeLeft UIInterfaceOrientationLandscapeRight";
				IPHONEOS_DEPLOYMENT_TARGET = 16.0;
				LD_RUNPATH_SEARCH_PATHS = (
					"$(inherited)",
					"@executable_path/Frameworks",
				);
				MARKETING_VERSION = 1.0;
				PRODUCT_BUNDLE_IDENTIFIER = com.memolease.sesacslp;
				PRODUCT_NAME = "$(TARGET_NAME)";
				SWIFT_EMIT_LOC_STRINGS = YES;
				SWIFT_VERSION = 5.0;
				TARGETED_DEVICE_FAMILY = "1,2";
			};
			name = Release;
		};
/* End XCBuildConfiguration section */

/* Begin XCConfigurationList section */
		F65166B72918E6BD00E362F0 /* Build configuration list for PBXProject "SeSAC Service Level Project" */ = {
			isa = XCConfigurationList;
			buildConfigurations = (
				F65166CE2918E6BE00E362F0 /* Debug */,
				F65166CF2918E6BE00E362F0 /* Release */,
			);
			defaultConfigurationIsVisible = 0;
			defaultConfigurationName = Release;
		};
		F65166D02918E6BE00E362F0 /* Build configuration list for PBXNativeTarget "SeSAC Service Level Project" */ = {
			isa = XCConfigurationList;
			buildConfigurations = (
				F65166D12918E6BE00E362F0 /* Debug */,
				F65166D22918E6BE00E362F0 /* Release */,
			);
			defaultConfigurationIsVisible = 0;
			defaultConfigurationName = Release;
		};
/* End XCConfigurationList section */

/* Begin XCRemoteSwiftPackageReference section */
		F65166EC2918EA2400E362F0 /* XCRemoteSwiftPackageReference "SnapKit" */ = {
			isa = XCRemoteSwiftPackageReference;
			repositoryURL = "https://github.com/SnapKit/SnapKit.git";
			requirement = {
				kind = upToNextMajorVersion;
				minimumVersion = 5.0.0;
			};
		};
		F65166EF2918EA6000E362F0 /* XCRemoteSwiftPackageReference "RxSwift" */ = {
			isa = XCRemoteSwiftPackageReference;
			repositoryURL = "https://github.com/ReactiveX/RxSwift";
			requirement = {
				kind = upToNextMajorVersion;
				minimumVersion = 6.0.0;
			};
		};
		F65166F42918EA7F00E362F0 /* XCRemoteSwiftPackageReference "Alamofire" */ = {
			isa = XCRemoteSwiftPackageReference;
			repositoryURL = "https://github.com/Alamofire/Alamofire";
			requirement = {
				kind = upToNextMajorVersion;
				minimumVersion = 5.0.0;
			};
		};
		F651672529190DD800E362F0 /* XCRemoteSwiftPackageReference "Then" */ = {
			isa = XCRemoteSwiftPackageReference;
			repositoryURL = "https://github.com/devxoul/Then.git";
			requirement = {
				kind = upToNextMajorVersion;
				minimumVersion = 3.0.0;
			};
		};
		F6C7DEB12923B22300DA622D /* XCRemoteSwiftPackageReference "DoubleSlider" */ = {
			isa = XCRemoteSwiftPackageReference;
			repositoryURL = "https://github.com/yhkaplan/DoubleSlider.git";
			requirement = {
				kind = upToNextMajorVersion;
				minimumVersion = 1.0.0;
			};
		};
		F6C7DEC42923CA1C00DA622D /* XCRemoteSwiftPackageReference "MultiSlider" */ = {
			isa = XCRemoteSwiftPackageReference;
			repositoryURL = "https://github.com/yonat/MultiSlider.git";
			requirement = {
				kind = upToNextMajorVersion;
				minimumVersion = 1.0.0;
			};
		};
		F6C7DECF2926C8C100DA622D /* XCRemoteSwiftPackageReference "Toast-Swift" */ = {
			isa = XCRemoteSwiftPackageReference;
			repositoryURL = "https://github.com/scalessec/Toast-Swift.git";
			requirement = {
				kind = upToNextMajorVersion;
				minimumVersion = 5.0.0;
			};
		};
		F6EEEDDC291EA08400C8969B /* XCRemoteSwiftPackageReference "firebase-ios-sdk" */ = {
			isa = XCRemoteSwiftPackageReference;
			repositoryURL = "https://github.com/firebase/firebase-ios-sdk";
			requirement = {
				kind = upToNextMajorVersion;
				minimumVersion = 9.0.0;
			};
		};
/* End XCRemoteSwiftPackageReference section */

/* Begin XCSwiftPackageProductDependency section */
		F65166ED2918EA2400E362F0 /* SnapKit */ = {
			isa = XCSwiftPackageProductDependency;
			package = F65166EC2918EA2400E362F0 /* XCRemoteSwiftPackageReference "SnapKit" */;
			productName = SnapKit;
		};
		F65166F02918EA6000E362F0 /* RxCocoa */ = {
			isa = XCSwiftPackageProductDependency;
			package = F65166EF2918EA6000E362F0 /* XCRemoteSwiftPackageReference "RxSwift" */;
			productName = RxCocoa;
		};
		F65166F22918EA6000E362F0 /* RxSwift */ = {
			isa = XCSwiftPackageProductDependency;
			package = F65166EF2918EA6000E362F0 /* XCRemoteSwiftPackageReference "RxSwift" */;
			productName = RxSwift;
		};
		F65166F52918EA7F00E362F0 /* Alamofire */ = {
			isa = XCSwiftPackageProductDependency;
			package = F65166F42918EA7F00E362F0 /* XCRemoteSwiftPackageReference "Alamofire" */;
			productName = Alamofire;
		};
		F651672629190DD800E362F0 /* Then */ = {
			isa = XCSwiftPackageProductDependency;
			package = F651672529190DD800E362F0 /* XCRemoteSwiftPackageReference "Then" */;
			productName = Then;
		};
		F6C7DEB22923B22400DA622D /* DoubleSlider */ = {
			isa = XCSwiftPackageProductDependency;
			package = F6C7DEB12923B22300DA622D /* XCRemoteSwiftPackageReference "DoubleSlider" */;
			productName = DoubleSlider;
		};
		F6C7DEC52923CA1C00DA622D /* MultiSlider */ = {
			isa = XCSwiftPackageProductDependency;
			package = F6C7DEC42923CA1C00DA622D /* XCRemoteSwiftPackageReference "MultiSlider" */;
			productName = MultiSlider;
		};
		F6C7DED02926C8C100DA622D /* Toast */ = {
			isa = XCSwiftPackageProductDependency;
			package = F6C7DECF2926C8C100DA622D /* XCRemoteSwiftPackageReference "Toast-Swift" */;
			productName = Toast;
		};
		F6EEEDDD291EA08400C8969B /* FirebaseAnalyticsWithoutAdIdSupport */ = {
			isa = XCSwiftPackageProductDependency;
			package = F6EEEDDC291EA08400C8969B /* XCRemoteSwiftPackageReference "firebase-ios-sdk" */;
			productName = FirebaseAnalyticsWithoutAdIdSupport;
		};
		F6EEEDDF291EA08400C8969B /* FirebaseAuth */ = {
			isa = XCSwiftPackageProductDependency;
			package = F6EEEDDC291EA08400C8969B /* XCRemoteSwiftPackageReference "firebase-ios-sdk" */;
			productName = FirebaseAuth;
		};
/* End XCSwiftPackageProductDependency section */
	};
	rootObject = F65166B42918E6BD00E362F0 /* Project object */;
}
